
Microsoft Visual Studio Solution File, Format Version 12.00
# Visual Studio Version 16
VisualStudioVersion = 16.6.30114.105
MinimumVisualStudioVersion = 10.0.40219.1
Project("{FAE04EC0-301F-11D3-BF4B-00C04F79EFBC}") = "Accounts", "..\Accounts\Accounts\Accounts.csproj", "{DBD23F89-844B-45E7-910F-B510BD914790}"
EndProject
Project("{FAE04EC0-301F-11D3-BF4B-00C04F79EFBC}") = "Authentication", "..\Accounts\Authentication\Authentication.csproj", "{22F45480-3F47-4B56-A3D2-5DF841544237}"
EndProject
Project("{FAE04EC0-301F-11D3-BF4B-00C04F79EFBC}") = "Authentication.ResourceManager", "..\Accounts\Authentication.ResourceManager\Authentication.ResourceManager.csproj", "{1C254219-6717-4CE3-83CD-725BE63311A1}"
EndProject
Project("{FAE04EC0-301F-11D3-BF4B-00C04F79EFBC}") = "Authenticators", "..\Accounts\Authenticators\Authenticators.csproj", "{68F96B97-057D-4763-8F4C-CE5759225F6B}"
EndProject
Project("{FAE04EC0-301F-11D3-BF4B-00C04F79EFBC}") = "Az.Databricks", "Az.Databricks.csproj", "{95532B37-FCC1-4B5E-92B8-83CDA1509297}"
EndProject
Global
	GlobalSection(SolutionConfigurationPlatforms) = preSolution
		Debug|Any CPU = Debug|Any CPU
		Debug|x64 = Debug|x64
		Debug|x86 = Debug|x86
		Release|Any CPU = Release|Any CPU
		Release|x64 = Release|x64
		Release|x86 = Release|x86
	EndGlobalSection
	GlobalSection(SolutionProperties) = preSolution
		HideSolutionNode = FALSE
	EndGlobalSection
	GlobalSection(ProjectConfigurationPlatforms) = postSolution
		{DBD23F89-844B-45E7-910F-B510BD914790}.Debug|Any CPU.ActiveCfg = Debug|Any CPU
		{DBD23F89-844B-45E7-910F-B510BD914790}.Debug|Any CPU.Build.0 = Debug|Any CPU
		{DBD23F89-844B-45E7-910F-B510BD914790}.Debug|x64.ActiveCfg = Debug|Any CPU
		{DBD23F89-844B-45E7-910F-B510BD914790}.Debug|x64.Build.0 = Debug|Any CPU
		{DBD23F89-844B-45E7-910F-B510BD914790}.Debug|x86.ActiveCfg = Debug|Any CPU
		{DBD23F89-844B-45E7-910F-B510BD914790}.Debug|x86.Build.0 = Debug|Any CPU
		{DBD23F89-844B-45E7-910F-B510BD914790}.Release|Any CPU.ActiveCfg = Release|Any CPU
		{DBD23F89-844B-45E7-910F-B510BD914790}.Release|Any CPU.Build.0 = Release|Any CPU
		{DBD23F89-844B-45E7-910F-B510BD914790}.Release|x64.ActiveCfg = Release|Any CPU
		{DBD23F89-844B-45E7-910F-B510BD914790}.Release|x64.Build.0 = Release|Any CPU
		{DBD23F89-844B-45E7-910F-B510BD914790}.Release|x86.ActiveCfg = Release|Any CPU
		{DBD23F89-844B-45E7-910F-B510BD914790}.Release|x86.Build.0 = Release|Any CPU
		{22F45480-3F47-4B56-A3D2-5DF841544237}.Debug|Any CPU.ActiveCfg = Debug|Any CPU
		{22F45480-3F47-4B56-A3D2-5DF841544237}.Debug|Any CPU.Build.0 = Debug|Any CPU
		{22F45480-3F47-4B56-A3D2-5DF841544237}.Debug|x64.ActiveCfg = Debug|Any CPU
		{22F45480-3F47-4B56-A3D2-5DF841544237}.Debug|x64.Build.0 = Debug|Any CPU
		{22F45480-3F47-4B56-A3D2-5DF841544237}.Debug|x86.ActiveCfg = Debug|Any CPU
		{22F45480-3F47-4B56-A3D2-5DF841544237}.Debug|x86.Build.0 = Debug|Any CPU
		{22F45480-3F47-4B56-A3D2-5DF841544237}.Release|Any CPU.ActiveCfg = Release|Any CPU
		{22F45480-3F47-4B56-A3D2-5DF841544237}.Release|Any CPU.Build.0 = Release|Any CPU
		{22F45480-3F47-4B56-A3D2-5DF841544237}.Release|x64.ActiveCfg = Release|Any CPU
		{22F45480-3F47-4B56-A3D2-5DF841544237}.Release|x64.Build.0 = Release|Any CPU
		{22F45480-3F47-4B56-A3D2-5DF841544237}.Release|x86.ActiveCfg = Release|Any CPU
		{22F45480-3F47-4B56-A3D2-5DF841544237}.Release|x86.Build.0 = Release|Any CPU
		{1C254219-6717-4CE3-83CD-725BE63311A1}.Debug|Any CPU.ActiveCfg = Debug|Any CPU
		{1C254219-6717-4CE3-83CD-725BE63311A1}.Debug|Any CPU.Build.0 = Debug|Any CPU
		{1C254219-6717-4CE3-83CD-725BE63311A1}.Debug|x64.ActiveCfg = Debug|Any CPU
		{1C254219-6717-4CE3-83CD-725BE63311A1}.Debug|x64.Build.0 = Debug|Any CPU
		{1C254219-6717-4CE3-83CD-725BE63311A1}.Debug|x86.ActiveCfg = Debug|Any CPU
		{1C254219-6717-4CE3-83CD-725BE63311A1}.Debug|x86.Build.0 = Debug|Any CPU
		{1C254219-6717-4CE3-83CD-725BE63311A1}.Release|Any CPU.ActiveCfg = Release|Any CPU
		{1C254219-6717-4CE3-83CD-725BE63311A1}.Release|Any CPU.Build.0 = Release|Any CPU
		{1C254219-6717-4CE3-83CD-725BE63311A1}.Release|x64.ActiveCfg = Release|Any CPU
		{1C254219-6717-4CE3-83CD-725BE63311A1}.Release|x64.Build.0 = Release|Any CPU
		{1C254219-6717-4CE3-83CD-725BE63311A1}.Release|x86.ActiveCfg = Release|Any CPU
		{1C254219-6717-4CE3-83CD-725BE63311A1}.Release|x86.Build.0 = Release|Any CPU
		{68F96B97-057D-4763-8F4C-CE5759225F6B}.Debug|Any CPU.ActiveCfg = Debug|Any CPU
		{68F96B97-057D-4763-8F4C-CE5759225F6B}.Debug|Any CPU.Build.0 = Debug|Any CPU
		{68F96B97-057D-4763-8F4C-CE5759225F6B}.Debug|x64.ActiveCfg = Debug|Any CPU
		{68F96B97-057D-4763-8F4C-CE5759225F6B}.Debug|x64.Build.0 = Debug|Any CPU
		{68F96B97-057D-4763-8F4C-CE5759225F6B}.Debug|x86.ActiveCfg = Debug|Any CPU
		{68F96B97-057D-4763-8F4C-CE5759225F6B}.Debug|x86.Build.0 = Debug|Any CPU
		{68F96B97-057D-4763-8F4C-CE5759225F6B}.Release|Any CPU.ActiveCfg = Release|Any CPU
		{68F96B97-057D-4763-8F4C-CE5759225F6B}.Release|Any CPU.Build.0 = Release|Any CPU
		{68F96B97-057D-4763-8F4C-CE5759225F6B}.Release|x64.ActiveCfg = Release|Any CPU
		{68F96B97-057D-4763-8F4C-CE5759225F6B}.Release|x64.Build.0 = Release|Any CPU
		{68F96B97-057D-4763-8F4C-CE5759225F6B}.Release|x86.ActiveCfg = Release|Any CPU
		{68F96B97-057D-4763-8F4C-CE5759225F6B}.Release|x86.Build.0 = Release|Any CPU
		{95532B37-FCC1-4B5E-92B8-83CDA1509297}.Debug|Any CPU.ActiveCfg = Debug|Any CPU
		{95532B37-FCC1-4B5E-92B8-83CDA1509297}.Debug|Any CPU.Build.0 = Debug|Any CPU
		{95532B37-FCC1-4B5E-92B8-83CDA1509297}.Debug|x64.ActiveCfg = Debug|Any CPU
		{95532B37-FCC1-4B5E-92B8-83CDA1509297}.Debug|x64.Build.0 = Debug|Any CPU
		{95532B37-FCC1-4B5E-92B8-83CDA1509297}.Debug|x86.ActiveCfg = Debug|Any CPU
		{95532B37-FCC1-4B5E-92B8-83CDA1509297}.Debug|x86.Build.0 = Debug|Any CPU
		{95532B37-FCC1-4B5E-92B8-83CDA1509297}.Release|Any CPU.ActiveCfg = Release|Any CPU
		{95532B37-FCC1-4B5E-92B8-83CDA1509297}.Release|Any CPU.Build.0 = Release|Any CPU
		{95532B37-FCC1-4B5E-92B8-83CDA1509297}.Release|x64.ActiveCfg = Release|Any CPU
		{95532B37-FCC1-4B5E-92B8-83CDA1509297}.Release|x64.Build.0 = Release|Any CPU
		{95532B37-FCC1-4B5E-92B8-83CDA1509297}.Release|x86.ActiveCfg = Release|Any CPU
		{95532B37-FCC1-4B5E-92B8-83CDA1509297}.Release|x86.Build.0 = Release|Any CPU
	EndGlobalSection
EndGlobal
