Microsoft Visual Studio Solution File, Format Version 12.00
# Visual Studio Version 16
VisualStudioVersion = 16.0.31702.278
MinimumVisualStudioVersion = 10.0.40219.1
Project("{9A19103F-16F7-4668-BE54-9A1E7A4F7556}") = "Ssh", "Ssh\Ssh.csproj", "{42656543-77AD-4968-BA4B-BE0778705625}"
EndProject
Project("{9A19103F-16F7-4668-BE54-9A1E7A4F7556}") = "Ssh.Test", "Ssh.Test\Ssh.Test.csproj", "{5E5BBB82-2D69-4A12-93AA-E5753F87AF03}"
EndProject
Project("{9A19103F-16F7-4668-BE54-9A1E7A4F7556}") = "Accounts", "..\Accounts\Accounts\Accounts.csproj", "{142D7B0B-388A-4CEB-A228-7F6D423C5C2E}"
EndProject
Project("{9A19103F-16F7-4668-BE54-9A1E7A4F7556}") = "Authentication", "..\Accounts\Authentication\Authentication.csproj", "{FF81DC73-B8EC-4082-8841-4FBF2B16E7CE}"
EndProject
Project("{9A19103F-16F7-4668-BE54-9A1E7A4F7556}") = "Authenticators", "..\Accounts\Authenticators\Authenticators.csproj", "{F12822FD-CE14-4C35-80CC-5094C82955C9}"
EndProject
Project("{9A19103F-16F7-4668-BE54-9A1E7A4F7556}") = "Authentication.ResourceManager", "..\Accounts\Authentication.ResourceManager\Authentication.ResourceManager.csproj", "{3E016018-D65D-4336-9F64-17DA97783AD0}"
EndProject
Project("{9A19103F-16F7-4668-BE54-9A1E7A4F7556}") = "ScenarioTest.ResourceManager", "..\..\tools\ScenarioTest.ResourceManager\ScenarioTest.ResourceManager.csproj", "{F83FBA8D-732D-437C-A0E2-02E45B01E123}"
EndProject
Project("{9A19103F-16F7-4668-BE54-9A1E7A4F7556}") = "TestFx", "..\..\tools\TestFx\TestFx.csproj", "{BC80A1D0-FFA4-43D9-AA74-799F5CB54B58}"
EndProject
Project("{9A19103F-16F7-4668-BE54-9A1E7A4F7556}") = "AuthenticationAssemblyLoadContext", "..\Accounts\AuthenticationAssemblyLoadContext\AuthenticationAssemblyLoadContext.csproj", "{9CB02F6D-A509-49F1-BE2F-11F537A6CABE}"
EndProject
Project("{9A19103F-16F7-4668-BE54-9A1E7A4F7556}") = "Ssh.AlcWrapper", "Ssh.AlcWrapper\Ssh.AlcWrapper.csproj", "{104DF33D-4EC3-4C64-A0E7-FB4DEB7EFC98}"
EndProject
Global
	GlobalSection(SolutionConfigurationPlatforms) = preSolution
		Debug|Any CPU = Debug|Any CPU
		Release|Any CPU = Release|Any CPU
	EndGlobalSection
	GlobalSection(ProjectConfigurationPlatforms) = postSolution
		{42656543-77AD-4968-BA4B-BE0778705625}.Debug|Any CPU.ActiveCfg = Debug|Any CPU
		{42656543-77AD-4968-BA4B-BE0778705625}.Debug|Any CPU.Build.0 = Debug|Any CPU
		{42656543-77AD-4968-BA4B-BE0778705625}.Release|Any CPU.ActiveCfg = Release|Any CPU
		{42656543-77AD-4968-BA4B-BE0778705625}.Release|Any CPU.Build.0 = Release|Any CPU
		{5E5BBB82-2D69-4A12-93AA-E5753F87AF03}.Debug|Any CPU.ActiveCfg = Debug|Any CPU
		{5E5BBB82-2D69-4A12-93AA-E5753F87AF03}.Debug|Any CPU.Build.0 = Debug|Any CPU
		{5E5BBB82-2D69-4A12-93AA-E5753F87AF03}.Release|Any CPU.ActiveCfg = Release|Any CPU
		{5E5BBB82-2D69-4A12-93AA-E5753F87AF03}.Release|Any CPU.Build.0 = Release|Any CPU
		{142D7B0B-388A-4CEB-A228-7F6D423C5C2E}.Debug|Any CPU.ActiveCfg = Debug|Any CPU
		{142D7B0B-388A-4CEB-A228-7F6D423C5C2E}.Debug|Any CPU.Build.0 = Debug|Any CPU
		{142D7B0B-388A-4CEB-A228-7F6D423C5C2E}.Release|Any CPU.ActiveCfg = Release|Any CPU
		{142D7B0B-388A-4CEB-A228-7F6D423C5C2E}.Release|Any CPU.Build.0 = Release|Any CPU
		{FF81DC73-B8EC-4082-8841-4FBF2B16E7CE}.Debug|Any CPU.ActiveCfg = Debug|Any CPU
		{FF81DC73-B8EC-4082-8841-4FBF2B16E7CE}.Debug|Any CPU.Build.0 = Debug|Any CPU
		{FF81DC73-B8EC-4082-8841-4FBF2B16E7CE}.Release|Any CPU.ActiveCfg = Release|Any CPU
		{FF81DC73-B8EC-4082-8841-4FBF2B16E7CE}.Release|Any CPU.Build.0 = Release|Any CPU
		{F12822FD-CE14-4C35-80CC-5094C82955C9}.Debug|Any CPU.ActiveCfg = Debug|Any CPU
		{F12822FD-CE14-4C35-80CC-5094C82955C9}.Debug|Any CPU.Build.0 = Debug|Any CPU
		{F12822FD-CE14-4C35-80CC-5094C82955C9}.Release|Any CPU.ActiveCfg = Release|Any CPU
		{F12822FD-CE14-4C35-80CC-5094C82955C9}.Release|Any CPU.Build.0 = Release|Any CPU
		{3E016018-D65D-4336-9F64-17DA97783AD0}.Debug|Any CPU.ActiveCfg = Debug|Any CPU
		{3E016018-D65D-4336-9F64-17DA97783AD0}.Debug|Any CPU.Build.0 = Debug|Any CPU
		{3E016018-D65D-4336-9F64-17DA97783AD0}.Release|Any CPU.ActiveCfg = Release|Any CPU
		{3E016018-D65D-4336-9F64-17DA97783AD0}.Release|Any CPU.Build.0 = Release|Any CPU
		{F83FBA8D-732D-437C-A0E2-02E45B01E123}.Debug|Any CPU.ActiveCfg = Debug|Any CPU
		{F83FBA8D-732D-437C-A0E2-02E45B01E123}.Debug|Any CPU.Build.0 = Debug|Any CPU
		{F83FBA8D-732D-437C-A0E2-02E45B01E123}.Release|Any CPU.ActiveCfg = Release|Any CPU
		{F83FBA8D-732D-437C-A0E2-02E45B01E123}.Release|Any CPU.Build.0 = Release|Any CPU
		{BC80A1D0-FFA4-43D9-AA74-799F5CB54B58}.Debug|Any CPU.ActiveCfg = Debug|Any CPU
		{BC80A1D0-FFA4-43D9-AA74-799F5CB54B58}.Debug|Any CPU.Build.0 = Debug|Any CPU
		{BC80A1D0-FFA4-43D9-AA74-799F5CB54B58}.Release|Any CPU.ActiveCfg = Release|Any CPU
		{BC80A1D0-FFA4-43D9-AA74-799F5CB54B58}.Release|Any CPU.Build.0 = Release|Any CPU
		{9CB02F6D-A509-49F1-BE2F-11F537A6CABE}.Debug|Any CPU.ActiveCfg = Debug|Any CPU
		{9CB02F6D-A509-49F1-BE2F-11F537A6CABE}.Debug|Any CPU.Build.0 = Debug|Any CPU
		{9CB02F6D-A509-49F1-BE2F-11F537A6CABE}.Release|Any CPU.ActiveCfg = Release|Any CPU
		{9CB02F6D-A509-49F1-BE2F-11F537A6CABE}.Release|Any CPU.Build.0 = Release|Any CPU
		{104DF33D-4EC3-4C64-A0E7-FB4DEB7EFC98}.Debug|Any CPU.ActiveCfg = Debug|Any CPU
		{104DF33D-4EC3-4C64-A0E7-FB4DEB7EFC98}.Debug|Any CPU.Build.0 = Debug|Any CPU
		{104DF33D-4EC3-4C64-A0E7-FB4DEB7EFC98}.Release|Any CPU.ActiveCfg = Release|Any CPU
		{104DF33D-4EC3-4C64-A0E7-FB4DEB7EFC98}.Release|Any CPU.Build.0 = Release|Any CPU
	EndGlobalSection
	GlobalSection(SolutionProperties) = preSolution
		HideSolutionNode = FALSE
	EndGlobalSection
	GlobalSection(ExtensibilityGlobals) = postSolution
		SolutionGuid = {F9B3D96E-9680-40BE-A917-02EE655D6030}
	EndGlobalSection
EndGlobal
